
Microsoft Visual Studio Solution File, Format Version 12.00
# Visual Studio Version 16
VisualStudioVersion = 16.0.28917.181
MinimumVisualStudioVersion = 10.0.40219.1
Project("{8BC9CEB8-8B4A-11D0-8D11-00A0C91BC942}") = "ege25", "ege25\ege25.vcxproj", "{D45D8DD2-6E71-4074-BD92-7EA241C1FA01}"
EndProject
Global
	GlobalSection(SolutionConfigurationPlatforms) = preSolution
		Debug|x64 = Debug|x64
		Debug|x86 = Debug|x86
		Release|x64 = Release|x64
		Release|x86 = Release|x86
	EndGlobalSection
	GlobalSection(ProjectConfigurationPlatforms) = postSolution
		{D45D8DD2-6E71-4074-BD92-7EA241C1FA01}.Debug|x64.ActiveCfg = Debug|x64
		{D45D8DD2-6E71-4074-BD92-7EA241C1FA01}.Debug|x64.Build.0 = Debug|x64
		{D45D8DD2-6E71-4074-BD92-7EA241C1FA01}.Debug|x86.ActiveCfg = Debug|Win32
		{D45D8DD2-6E71-4074-BD92-7EA241C1FA01}.Debug|x86.Build.0 = Debug|Win32
		{D45D8DD2-6E71-4074-BD92-7EA241C1FA01}.Release|x64.ActiveCfg = Release|x64
		{D45D8DD2-6E71-4074-BD92-7EA241C1FA01}.Release|x64.Build.0 = Release|x64
		{D45D8DD2-6E71-4074-BD92-7EA241C1FA01}.Release|x86.ActiveCfg = Release|Win32
		{D45D8DD2-6E71-4074-BD92-7EA241C1FA01}.Release|x86.Build.0 = Release|Win32
	EndGlobalSection
	GlobalSection(SolutionProperties) = preSolution
		HideSolutionNode = FALSE
	EndGlobalSection
	GlobalSection(ExtensibilityGlobals) = postSolution
		SolutionGuid = {B6548E2E-0408-47D7-AA54-3CFC4EDBF508}
	EndGlobalSection
EndGlobal
