// !$*UTF8*$!
{
	archiveVersion = 1;
	classes = {
	};
	objectVersion = 50;
	objects = {

/* Begin PBXBuildFile section */
		04999DE623F4364800E83E06 /* main.cpp in Sources */ = {isa = PBXBuildFile; fileRef = 04999DE523F4364800E83E06 /* main.cpp */; };
		04999DED23F436B600E83E06 /* 3602.cpp in Sources */ = {isa = PBXBuildFile; fileRef = 04999DEC23F436B600E83E06 /* 3602.cpp */; };
		04999DF023F82A3E00E83E06 /* 4735.cpp in Sources */ = {isa = PBXBuildFile; fileRef = 04999DEF23F82A3E00E83E06 /* 4735.cpp */; };
		04999DF223FD970B00E83E06 /* 2901.cpp in Sources */ = {isa = PBXBuildFile; fileRef = 04999DF123FD970B00E83E06 /* 2901.cpp */; };
		04999DF423FD978200E83E06 /* 3614.cpp in Sources */ = {isa = PBXBuildFile; fileRef = 04999DF323FD978200E83E06 /* 3614.cpp */; };
/* End PBXBuildFile section */

/* Begin PBXCopyFilesBuildPhase section */
		04999DE023F4364800E83E06 /* CopyFiles */ = {
			isa = PBXCopyFilesBuildPhase;
			buildActionMask = 2147483647;
			dstPath = /usr/share/man/man1/;
			dstSubfolderSpec = 0;
			files = (
			);
			runOnlyForDeploymentPostprocessing = 1;
		};
/* End PBXCopyFilesBuildPhase section */

/* Begin PBXFileReference section */
		04999DE223F4364800E83E06 /* ht9 */ = {isa = PBXFileReference; explicitFileType = "compiled.mach-o.executable"; includeInIndex = 0; path = ht9; sourceTree = BUILT_PRODUCTS_DIR; };
		04999DE523F4364800E83E06 /* main.cpp */ = {isa = PBXFileReference; lastKnownFileType = sourcecode.cpp.cpp; path = main.cpp; sourceTree = "<group>"; };
		04999DEC23F436B600E83E06 /* 3602.cpp */ = {isa = PBXFileReference; lastKnownFileType = sourcecode.cpp.cpp; path = 3602.cpp; sourceTree = "<group>"; };
		04999DEE23F4370100E83E06 /* Header.h */ = {isa = PBXFileReference; lastKnownFileType = sourcecode.c.h; path = Header.h; sourceTree = "<group>"; };
		04999DEF23F82A3E00E83E06 /* 4735.cpp */ = {isa = PBXFileReference; lastKnownFileType = sourcecode.cpp.cpp; path = 4735.cpp; sourceTree = "<group>"; };
		04999DF123FD970B00E83E06 /* 2901.cpp */ = {isa = PBXFileReference; lastKnownFileType = sourcecode.cpp.cpp; path = 2901.cpp; sourceTree = "<group>"; };
		04999DF323FD978200E83E06 /* 3614.cpp */ = {isa = PBXFileReference; lastKnownFileType = sourcecode.cpp.cpp; path = 3614.cpp; sourceTree = "<group>"; };
/* End PBXFileReference section */

/* Begin PBXFrameworksBuildPhase section */
		04999DDF23F4364800E83E06 /* Frameworks */ = {
			isa = PBXFrameworksBuildPhase;
			buildActionMask = 2147483647;
			files = (
			);
			runOnlyForDeploymentPostprocessing = 0;
		};
/* End PBXFrameworksBuildPhase section */

/* Begin PBXGroup section */
		04999DD923F4364700E83E06 = {
			isa = PBXGroup;
			children = (
				04999DE423F4364800E83E06 /* ht9 */,
				04999DE323F4364800E83E06 /* Products */,
			);
			sourceTree = "<group>";
		};
		04999DE323F4364800E83E06 /* Products */ = {
			isa = PBXGroup;
			children = (
				04999DE223F4364800E83E06 /* ht9 */,
			);
			name = Products;
			sourceTree = "<group>";
		};
		04999DE423F4364800E83E06 /* ht9 */ = {
			isa = PBXGroup;
			children = (
				04999DE523F4364800E83E06 /* main.cpp */,
				04999DF123FD970B00E83E06 /* 2901.cpp */,
				04999DF323FD978200E83E06 /* 3614.cpp */,
				04999DEC23F436B600E83E06 /* 3602.cpp */,
				04999DEF23F82A3E00E83E06 /* 4735.cpp */,
				04999DEE23F4370100E83E06 /* Header.h */,
			);
			path = ht9;
			sourceTree = "<group>";
		};
/* End PBXGroup section */

/* Begin PBXNativeTarget section */
		04999DE123F4364800E83E06 /* ht9 */ = {
			isa = PBXNativeTarget;
			buildConfigurationList = 04999DE923F4364800E83E06 /* Build configuration list for PBXNativeTarget "ht9" */;
			buildPhases = (
				04999DDE23F4364800E83E06 /* Sources */,
				04999DDF23F4364800E83E06 /* Frameworks */,
				04999DE023F4364800E83E06 /* CopyFiles */,
			);
			buildRules = (
			);
			dependencies = (
			);
			name = ht9;
			productName = ht9;
			productReference = 04999DE223F4364800E83E06 /* ht9 */;
			productType = "com.apple.product-type.tool";
		};
/* End PBXNativeTarget section */

/* Begin PBXProject section */
		04999DDA23F4364700E83E06 /* Project object */ = {
			isa = PBXProject;
			attributes = {
				LastUpgradeCheck = 1130;
				ORGANIZATIONNAME = barkanoid;
				TargetAttributes = {
					04999DE123F4364800E83E06 = {
						CreatedOnToolsVersion = 11.3.1;
					};
				};
			};
			buildConfigurationList = 04999DDD23F4364700E83E06 /* Build configuration list for PBXProject "ht9" */;
			compatibilityVersion = "Xcode 9.3";
			developmentRegion = en;
			hasScannedForEncodings = 0;
			knownRegions = (
				en,
				Base,
			);
			mainGroup = 04999DD923F4364700E83E06;
			productRefGroup = 04999DE323F4364800E83E06 /* Products */;
			projectDirPath = "";
			projectRoot = "";
			targets = (
				04999DE123F4364800E83E06 /* ht9 */,
			);
		};
/* End PBXProject section */

/* Begin PBXSourcesBuildPhase section */
		04999DDE23F4364800E83E06 /* Sources */ = {
			isa = PBXSourcesBuildPhase;
			buildActionMask = 2147483647;
			files = (
				04999DF023F82A3E00E83E06 /* 4735.cpp in Sources */,
				04999DF223FD970B00E83E06 /* 2901.cpp in Sources */,
				04999DED23F436B600E83E06 /* 3602.cpp in Sources */,
				04999DE623F4364800E83E06 /* main.cpp in Sources */,
				04999DF423FD978200E83E06 /* 3614.cpp in Sources */,
			);
			runOnlyForDeploymentPostprocessing = 0;
		};
/* End PBXSourcesBuildPhase section */

/* Begin XCBuildConfiguration section */
		04999DE723F4364800E83E06 /* Debug */ = {
			isa = XCBuildConfiguration;
			buildSettings = {
				ALWAYS_SEARCH_USER_PATHS = NO;
				CLANG_ANALYZER_NONNULL = YES;
				CLANG_ANALYZER_NUMBER_OBJECT_CONVERSION = YES_AGGRESSIVE;
				CLANG_CXX_LANGUAGE_STANDARD = "gnu++14";
				CLANG_CXX_LIBRARY = "libc++";
				CLANG_ENABLE_MODULES = YES;
				CLANG_ENABLE_OBJC_ARC = YES;
				CLANG_ENABLE_OBJC_WEAK = YES;
				CLANG_WARN_BLOCK_CAPTURE_AUTORELEASING = YES;
				CLANG_WARN_BOOL_CONVERSION = YES;
				CLANG_WARN_COMMA = YES;
				CLANG_WARN_CONSTANT_CONVERSION = YES;
				CLANG_WARN_DEPRECATED_OBJC_IMPLEMENTATIONS = YES;
				CLANG_WARN_DIRECT_OBJC_ISA_USAGE = YES_ERROR;
				CLANG_WARN_DOCUMENTATION_COMMENTS = YES;
				CLANG_WARN_EMPTY_BODY = YES;
				CLANG_WARN_ENUM_CONVERSION = YES;
				CLANG_WARN_INFINITE_RECURSION = YES;
				CLANG_WARN_INT_CONVERSION = YES;
				CLANG_WARN_NON_LITERAL_NULL_CONVERSION = YES;
				CLANG_WARN_OBJC_IMPLICIT_RETAIN_SELF = YES;
				CLANG_WARN_OBJC_LITERAL_CONVERSION = YES;
				CLANG_WARN_OBJC_ROOT_CLASS = YES_ERROR;
				CLANG_WARN_RANGE_LOOP_ANALYSIS = YES;
				CLANG_WARN_STRICT_PROTOTYPES = YES;
				CLANG_WARN_SUSPICIOUS_MOVE = YES;
				CLANG_WARN_UNGUARDED_AVAILABILITY = YES_AGGRESSIVE;
				CLANG_WARN_UNREACHABLE_CODE = YES;
				CLANG_WARN__DUPLICATE_METHOD_MATCH = YES;
				COPY_PHASE_STRIP = NO;
				DEBUG_INFORMATION_FORMAT = dwarf;
				ENABLE_STRICT_OBJC_MSGSEND = YES;
				ENABLE_TESTABILITY = YES;
				GCC_C_LANGUAGE_STANDARD = gnu11;
				GCC_DYNAMIC_NO_PIC = NO;
				GCC_NO_COMMON_BLOCKS = YES;
				GCC_OPTIMIZATION_LEVEL = 0;
				GCC_PREPROCESSOR_DEFINITIONS = (
					"DEBUG=1",
					"$(inherited)",
				);
				GCC_WARN_64_TO_32_BIT_CONVERSION = YES;
				GCC_WARN_ABOUT_RETURN_TYPE = YES_ERROR;
				GCC_WARN_UNDECLARED_SELECTOR = YES;
				GCC_WARN_UNINITIALIZED_AUTOS = YES_AGGRESSIVE;
				GCC_WARN_UNUSED_FUNCTION = YES;
				GCC_WARN_UNUSED_VARIABLE = YES;
				MACOSX_DEPLOYMENT_TARGET = 10.15;
				MTL_ENABLE_DEBUG_INFO = INCLUDE_SOURCE;
				MTL_FAST_MATH = YES;
				ONLY_ACTIVE_ARCH = YES;
				SDKROOT = macosx;
			};
			name = Debug;
		};
		04999DE823F4364800E83E06 /* Release */ = {
			isa = XCBuildConfiguration;
			buildSettings = {
				ALWAYS_SEARCH_USER_PATHS = NO;
				CLANG_ANALYZER_NONNULL = YES;
				CLANG_ANALYZER_NUMBER_OBJECT_CONVERSION = YES_AGGRESSIVE;
				CLANG_CXX_LANGUAGE_STANDARD = "gnu++14";
				CLANG_CXX_LIBRARY = "libc++";
				CLANG_ENABLE_MODULES = YES;
				CLANG_ENABLE_OBJC_ARC = YES;
				CLANG_ENABLE_OBJC_WEAK = YES;
				CLANG_WARN_BLOCK_CAPTURE_AUTORELEASING = YES;
				CLANG_WARN_BOOL_CONVERSION = YES;
				CLANG_WARN_COMMA = YES;
				CLANG_WARN_CONSTANT_CONVERSION = YES;
				CLANG_WARN_DEPRECATED_OBJC_IMPLEMENTATIONS = YES;
				CLANG_WARN_DIRECT_OBJC_ISA_USAGE = YES_ERROR;
				CLANG_WARN_DOCUMENTATION_COMMENTS = YES;
				CLANG_WARN_EMPTY_BODY = YES;
				CLANG_WARN_ENUM_CONVERSION = YES;
				CLANG_WARN_INFINITE_RECURSION = YES;
				CLANG_WARN_INT_CONVERSION = YES;
				CLANG_WARN_NON_LITERAL_NULL_CONVERSION = YES;
				CLANG_WARN_OBJC_IMPLICIT_RETAIN_SELF = YES;
				CLANG_WARN_OBJC_LITERAL_CONVERSION = YES;
				CLANG_WARN_OBJC_ROOT_CLASS = YES_ERROR;
				CLANG_WARN_RANGE_LOOP_ANALYSIS = YES;
				CLANG_WARN_STRICT_PROTOTYPES = YES;
				CLANG_WARN_SUSPICIOUS_MOVE = YES;
				CLANG_WARN_UNGUARDED_AVAILABILITY = YES_AGGRESSIVE;
				CLANG_WARN_UNREACHABLE_CODE = YES;
				CLANG_WARN__DUPLICATE_METHOD_MATCH = YES;
				COPY_PHASE_STRIP = NO;
				DEBUG_INFORMATION_FORMAT = "dwarf-with-dsym";
				ENABLE_NS_ASSERTIONS = NO;
				ENABLE_STRICT_OBJC_MSGSEND = YES;
				GCC_C_LANGUAGE_STANDARD = gnu11;
				GCC_NO_COMMON_BLOCKS = YES;
				GCC_WARN_64_TO_32_BIT_CONVERSION = YES;
				GCC_WARN_ABOUT_RETURN_TYPE = YES_ERROR;
				GCC_WARN_UNDECLARED_SELECTOR = YES;
				GCC_WARN_UNINITIALIZED_AUTOS = YES_AGGRESSIVE;
				GCC_WARN_UNUSED_FUNCTION = YES;
				GCC_WARN_UNUSED_VARIABLE = YES;
				MACOSX_DEPLOYMENT_TARGET = 10.15;
				MTL_ENABLE_DEBUG_INFO = NO;
				MTL_FAST_MATH = YES;
				SDKROOT = macosx;
			};
			name = Release;
		};
		04999DEA23F4364800E83E06 /* Debug */ = {
			isa = XCBuildConfiguration;
			buildSettings = {
				CODE_SIGN_STYLE = Automatic;
				PRODUCT_NAME = "$(TARGET_NAME)";
			};
			name = Debug;
		};
		04999DEB23F4364800E83E06 /* Release */ = {
			isa = XCBuildConfiguration;
			buildSettings = {
				CODE_SIGN_STYLE = Automatic;
				PRODUCT_NAME = "$(TARGET_NAME)";
			};
			name = Release;
		};
/* End XCBuildConfiguration section */

/* Begin XCConfigurationList section */
		04999DDD23F4364700E83E06 /* Build configuration list for PBXProject "ht9" */ = {
			isa = XCConfigurationList;
			buildConfigurations = (
				04999DE723F4364800E83E06 /* Debug */,
				04999DE823F4364800E83E06 /* Release */,
			);
			defaultConfigurationIsVisible = 0;
			defaultConfigurationName = Release;
		};
		04999DE923F4364800E83E06 /* Build configuration list for PBXNativeTarget "ht9" */ = {
			isa = XCConfigurationList;
			buildConfigurations = (
				04999DEA23F4364800E83E06 /* Debug */,
				04999DEB23F4364800E83E06 /* Release */,
			);
			defaultConfigurationIsVisible = 0;
			defaultConfigurationName = Release;
		};
/* End XCConfigurationList section */
	};
	rootObject = 04999DDA23F4364700E83E06 /* Project object */;
}
